
Microsoft Visual Studio Solution File, Format Version 12.00
# Visual Studio Version 16
VisualStudioVersion = 16.0.31025.194
MinimumVisualStudioVersion = 10.0.40219.1
Project("{8BC9CEB8-8B4A-11D0-8D11-00A0C91BC942}") = "TutEngine", "TutEngine\TutEngine.vcxproj", "{BC85C8B3-EC98-42EE-B1CB-8A39636B4B99}"
EndProject
Global
	GlobalSection(SolutionConfigurationPlatforms) = preSolution
		Debug|x64 = Debug|x64
		Debug|x86 = Debug|x86
		Release|x64 = Release|x64
		Release|x86 = Release|x86
	EndGlobalSection
	GlobalSection(ProjectConfigurationPlatforms) = postSolution
		{BC85C8B3-EC98-42EE-B1CB-8A39636B4B99}.Debug|x64.ActiveCfg = Debug|x64
		{BC85C8B3-EC98-42EE-B1CB-8A39636B4B99}.Debug|x64.Build.0 = Debug|x64
		{BC85C8B3-EC98-42EE-B1CB-8A39636B4B99}.Debug|x86.ActiveCfg = Debug|Win32
		{BC85C8B3-EC98-42EE-B1CB-8A39636B4B99}.Debug|x86.Build.0 = Debug|Win32
		{BC85C8B3-EC98-42EE-B1CB-8A39636B4B99}.Release|x64.ActiveCfg = Release|x64
		{BC85C8B3-EC98-42EE-B1CB-8A39636B4B99}.Release|x64.Build.0 = Release|x64
		{BC85C8B3-EC98-42EE-B1CB-8A39636B4B99}.Release|x86.ActiveCfg = Release|Win32
		{BC85C8B3-EC98-42EE-B1CB-8A39636B4B99}.Release|x86.Build.0 = Release|Win32
	EndGlobalSection
	GlobalSection(SolutionProperties) = preSolution
		HideSolutionNode = FALSE
	EndGlobalSection
	GlobalSection(ExtensibilityGlobals) = postSolution
		SolutionGuid = {4139F782-BEC1-4EA7-B3C3-6EBAA9D9A08F}
	EndGlobalSection
EndGlobal
